
Microsoft Visual Studio Solution File, Format Version 12.00
# Visual Studio Version 17
VisualStudioVersion = 17.3.32922.545
MinimumVisualStudioVersion = 10.0.40219.1
Project("{FAE04EC0-301F-11D3-BF4B-00C04F79EFBC}") = "HospitalAdonet", "HospitalAdonet.csproj", "{58043B9F-0E33-4ABF-867F-7BF520879320}"
EndProject
Global
	GlobalSection(SolutionConfigurationPlatforms) = preSolution
		Debug|Any CPU = Debug|Any CPU
		Release|Any CPU = Release|Any CPU
	EndGlobalSection
	GlobalSection(ProjectConfigurationPlatforms) = postSolution
		{58043B9F-0E33-4ABF-867F-7BF520879320}.Debug|Any CPU.ActiveCfg = Debug|Any CPU
		{58043B9F-0E33-4ABF-867F-7BF520879320}.Debug|Any CPU.Build.0 = Debug|Any CPU
		{58043B9F-0E33-4ABF-867F-7BF520879320}.Release|Any CPU.ActiveCfg = Release|Any CPU
		{58043B9F-0E33-4ABF-867F-7BF520879320}.Release|Any CPU.Build.0 = Release|Any CPU
	EndGlobalSection
	GlobalSection(SolutionProperties) = preSolution
		HideSolutionNode = FALSE
	EndGlobalSection
	GlobalSection(ExtensibilityGlobals) = postSolution
		SolutionGuid = {3264A638-6684-42D6-8D8A-80E5C991B4DD}
	EndGlobalSection
EndGlobal
